
Microsoft Visual Studio Solution File, Format Version 12.00
# Visual Studio Version 17
VisualStudioVersion = 17.11.35005.142
MinimumVisualStudioVersion = 10.0.40219.1
Project("{2150E333-8FDC-42A3-9474-1A3956D46DE8}") = "src", "src", "{908A584B-D899-4120-8749-3F906D94DE50}"
EndProject
Project("{2150E333-8FDC-42A3-9474-1A3956D46DE8}") = "Modules", "Modules", "{97CC7E8B-B49A-48FC-88EC-F2E0E4096533}"
EndProject
Project("{2150E333-8FDC-42A3-9474-1A3956D46DE8}") = "Auth", "Auth", "{ACA6F9F9-BAC5-418E-8B29-59F2F4637D32}"
EndProject
Project("{FAE04EC0-301F-11D3-BF4B-00C04F79EFBC}") = "Modules.Auth.Api", "Modules.Auth.Api\Modules.Auth.Api.csproj", "{E6EAD07A-B96E-4F7D-AD56-35873FBCEE4F}"
EndProject
Project("{FAE04EC0-301F-11D3-BF4B-00C04F79EFBC}") = "Modules.Auth.Domain", "Modules.Auth.Domain\Modules.Auth.Domain.csproj", "{6AF5A31F-D3E7-4B0A-BFDD-DD9F938EAFB6}"
EndProject
Project("{FAE04EC0-301F-11D3-BF4B-00C04F79EFBC}") = "Modules.Auth.Application", "Modules.Auth.Application\Modules.Auth.Application.csproj", "{F054A1C9-5FDE-4745-9652-E5CF00C939E0}"
EndProject
Project("{FAE04EC0-301F-11D3-BF4B-00C04F79EFBC}") = "Modules.Auth.Infrastructure", "Modules.Auth.Infrastructure\Modules.Auth.Infrastructure.csproj", "{B81E6642-7A84-40C2-B6FC-9A5153932D59}"
EndProject
Project("{2150E333-8FDC-42A3-9474-1A3956D46DE8}") = "Shared", "Shared", "{106A801F-0151-48EA-BF85-63F5B87A2C66}"
EndProject
Project("{FAE04EC0-301F-11D3-BF4B-00C04F79EFBC}") = "Shared.Domain", "Shared.Domain\Shared.Domain.csproj", "{EA12C2CF-C821-44B2-951B-3E4A1293F6F1}"
EndProject
Project("{FAE04EC0-301F-11D3-BF4B-00C04F79EFBC}") = "Shared.DTOs", "Shared.DTOs\Shared.DTOs.csproj", "{C9587C41-B2D9-4F33-AD6D-D0748FC57A24}"
EndProject
Global
	GlobalSection(SolutionConfigurationPlatforms) = preSolution
		Debug|Any CPU = Debug|Any CPU
		Release|Any CPU = Release|Any CPU
	EndGlobalSection
	GlobalSection(ProjectConfigurationPlatforms) = postSolution
		{E6EAD07A-B96E-4F7D-AD56-35873FBCEE4F}.Debug|Any CPU.ActiveCfg = Debug|Any CPU
		{E6EAD07A-B96E-4F7D-AD56-35873FBCEE4F}.Debug|Any CPU.Build.0 = Debug|Any CPU
		{E6EAD07A-B96E-4F7D-AD56-35873FBCEE4F}.Release|Any CPU.ActiveCfg = Release|Any CPU
		{E6EAD07A-B96E-4F7D-AD56-35873FBCEE4F}.Release|Any CPU.Build.0 = Release|Any CPU
		{6AF5A31F-D3E7-4B0A-BFDD-DD9F938EAFB6}.Debug|Any CPU.ActiveCfg = Debug|Any CPU
		{6AF5A31F-D3E7-4B0A-BFDD-DD9F938EAFB6}.Debug|Any CPU.Build.0 = Debug|Any CPU
		{6AF5A31F-D3E7-4B0A-BFDD-DD9F938EAFB6}.Release|Any CPU.ActiveCfg = Release|Any CPU
		{6AF5A31F-D3E7-4B0A-BFDD-DD9F938EAFB6}.Release|Any CPU.Build.0 = Release|Any CPU
		{F054A1C9-5FDE-4745-9652-E5CF00C939E0}.Debug|Any CPU.ActiveCfg = Debug|Any CPU
		{F054A1C9-5FDE-4745-9652-E5CF00C939E0}.Debug|Any CPU.Build.0 = Debug|Any CPU
		{F054A1C9-5FDE-4745-9652-E5CF00C939E0}.Release|Any CPU.ActiveCfg = Release|Any CPU
		{F054A1C9-5FDE-4745-9652-E5CF00C939E0}.Release|Any CPU.Build.0 = Release|Any CPU
		{B81E6642-7A84-40C2-B6FC-9A5153932D59}.Debug|Any CPU.ActiveCfg = Debug|Any CPU
		{B81E6642-7A84-40C2-B6FC-9A5153932D59}.Debug|Any CPU.Build.0 = Debug|Any CPU
		{B81E6642-7A84-40C2-B6FC-9A5153932D59}.Release|Any CPU.ActiveCfg = Release|Any CPU
		{B81E6642-7A84-40C2-B6FC-9A5153932D59}.Release|Any CPU.Build.0 = Release|Any CPU
		{EA12C2CF-C821-44B2-951B-3E4A1293F6F1}.Debug|Any CPU.ActiveCfg = Debug|Any CPU
		{EA12C2CF-C821-44B2-951B-3E4A1293F6F1}.Debug|Any CPU.Build.0 = Debug|Any CPU
		{EA12C2CF-C821-44B2-951B-3E4A1293F6F1}.Release|Any CPU.ActiveCfg = Release|Any CPU
		{EA12C2CF-C821-44B2-951B-3E4A1293F6F1}.Release|Any CPU.Build.0 = Release|Any CPU
		{C9587C41-B2D9-4F33-AD6D-D0748FC57A24}.Debug|Any CPU.ActiveCfg = Debug|Any CPU
		{C9587C41-B2D9-4F33-AD6D-D0748FC57A24}.Debug|Any CPU.Build.0 = Debug|Any CPU
		{C9587C41-B2D9-4F33-AD6D-D0748FC57A24}.Release|Any CPU.ActiveCfg = Release|Any CPU
		{C9587C41-B2D9-4F33-AD6D-D0748FC57A24}.Release|Any CPU.Build.0 = Release|Any CPU
	EndGlobalSection
	GlobalSection(SolutionProperties) = preSolution
		HideSolutionNode = FALSE
	EndGlobalSection
	GlobalSection(NestedProjects) = preSolution
		{97CC7E8B-B49A-48FC-88EC-F2E0E4096533} = {908A584B-D899-4120-8749-3F906D94DE50}
		{ACA6F9F9-BAC5-418E-8B29-59F2F4637D32} = {97CC7E8B-B49A-48FC-88EC-F2E0E4096533}
		{E6EAD07A-B96E-4F7D-AD56-35873FBCEE4F} = {ACA6F9F9-BAC5-418E-8B29-59F2F4637D32}
		{6AF5A31F-D3E7-4B0A-BFDD-DD9F938EAFB6} = {ACA6F9F9-BAC5-418E-8B29-59F2F4637D32}
		{F054A1C9-5FDE-4745-9652-E5CF00C939E0} = {ACA6F9F9-BAC5-418E-8B29-59F2F4637D32}
		{B81E6642-7A84-40C2-B6FC-9A5153932D59} = {ACA6F9F9-BAC5-418E-8B29-59F2F4637D32}
		{EA12C2CF-C821-44B2-951B-3E4A1293F6F1} = {106A801F-0151-48EA-BF85-63F5B87A2C66}
		{C9587C41-B2D9-4F33-AD6D-D0748FC57A24} = {106A801F-0151-48EA-BF85-63F5B87A2C66}
	EndGlobalSection
	GlobalSection(ExtensibilityGlobals) = postSolution
		SolutionGuid = {FFC88EF0-CC48-4E54-A7AC-CFD2F5C33B50}
	EndGlobalSection
EndGlobal
